// !$*UTF8*$!
{
	archiveVersion = 1;
	classes = {
	};
	objectVersion = 50;
	objects = {

/* Begin PBXBuildFile section */
		040954EF23138DCE005BA868 /* AppDelegate.m in Sources */ = {isa = PBXBuildFile; fileRef = 040954EE23138DCE005BA868 /* AppDelegate.m */; };
		040954F523138DCE005BA868 /* Main.storyboard in Resources */ = {isa = PBXBuildFile; fileRef = 040954F323138DCE005BA868 /* Main.storyboard */; };
		040954F723138DD0005BA868 /* Assets.xcassets in Resources */ = {isa = PBXBuildFile; fileRef = 040954F623138DD0005BA868 /* Assets.xcassets */; };
		040954FA23138DD0005BA868 /* LaunchScreen.storyboard in Resources */ = {isa = PBXBuildFile; fileRef = 040954F823138DD0005BA868 /* LaunchScreen.storyboard */; };
		040954FD23138DD0005BA868 /* main.m in Sources */ = {isa = PBXBuildFile; fileRef = 040954FC23138DD0005BA868 /* main.m */; };
		0409552D23138E1C005BA868 /* LiveGiftShowCustom.m in Sources */ = {isa = PBXBuildFile; fileRef = 0409552023138E1C005BA868 /* LiveGiftShowCustom.m */; };
		0409552E23138E1C005BA868 /* LiveGiftShowNumberView.m in Sources */ = {isa = PBXBuildFile; fileRef = 0409552123138E1C005BA868 /* LiveGiftShowNumberView.m */; };
		0409552F23138E1C005BA868 /* LiveUserModel.m in Sources */ = {isa = PBXBuildFile; fileRef = 0409552323138E1C005BA868 /* LiveUserModel.m */; };
		0409553023138E1C005BA868 /* LiveGiftShowView.m in Sources */ = {isa = PBXBuildFile; fileRef = 0409552423138E1C005BA868 /* LiveGiftShowView.m */; };
		0409553123138E1C005BA868 /* LiveGiftShowModel.m in Sources */ = {isa = PBXBuildFile; fileRef = 0409552523138E1C005BA868 /* LiveGiftShowModel.m */; };
		0409553223138E1C005BA868 /* LiveGiftListModel.m in Sources */ = {isa = PBXBuildFile; fileRef = 0409552923138E1C005BA868 /* LiveGiftListModel.m */; };
		0409553323138E1C005BA868 /* LiveDefaultIcon.jpeg in Resources */ = {isa = PBXBuildFile; fileRef = 0409552B23138E1C005BA868 /* LiveDefaultIcon.jpeg */; };
		0409553923138E25005BA868 /* HomeVC.m in Sources */ = {isa = PBXBuildFile; fileRef = 0409553623138E25005BA868 /* HomeVC.m */; };
		0409553A23138E25005BA868 /* TestVC.m in Sources */ = {isa = PBXBuildFile; fileRef = 0409553723138E25005BA868 /* TestVC.m */; };
		2C5319B81435B900E341A729 /* libPods-FF_LiveSendGift.a in Frameworks */ = {isa = PBXBuildFile; fileRef = 956A8A57466C0E36F582E58B /* libPods-FF_LiveSendGift.a */; };
		7DD0E87FD6F09796140C3689 /* libPods-FF_LiveSendGiftTests.a in Frameworks */ = {isa = PBXBuildFile; fileRef = 6C6B99F48C90D8A26715E403 /* libPods-FF_LiveSendGiftTests.a */; };
		AD6EAA49CCF7739509116443 /* libPods-FF_LiveSendGiftUITests.a in Frameworks */ = {isa = PBXBuildFile; fileRef = FEAE42B2A9EFEDD56CF5C56E /* libPods-FF_LiveSendGiftUITests.a */; };
/* End PBXBuildFile section */

/* Begin PBXContainerItemProxy section */
		0409550323138DD0005BA868 /* PBXContainerItemProxy */ = {
			isa = PBXContainerItemProxy;
			containerPortal = 040954E223138DCE005BA868 /* Project object */;
			proxyType = 1;
			remoteGlobalIDString = 040954E923138DCE005BA868;
			remoteInfo = FF_LiveSendGift;
		};
		0409550E23138DD0005BA868 /* PBXContainerItemProxy */ = {
			isa = PBXContainerItemProxy;
			containerPortal = 040954E223138DCE005BA868 /* Project object */;
			proxyType = 1;
			remoteGlobalIDString = 040954E923138DCE005BA868;
			remoteInfo = FF_LiveSendGift;
		};
/* End PBXContainerItemProxy section */

/* Begin PBXFileReference section */
		040954EA23138DCE005BA868 /* FF_LiveSendGift.app */ = {isa = PBXFileReference; explicitFileType = wrapper.application; includeInIndex = 0; path = FF_LiveSendGift.app; sourceTree = BUILT_PRODUCTS_DIR; };
		040954ED23138DCE005BA868 /* AppDelegate.h */ = {isa = PBXFileReference; lastKnownFileType = sourcecode.c.h; path = AppDelegate.h; sourceTree = "<group>"; };
		040954EE23138DCE005BA868 /* AppDelegate.m */ = {isa = PBXFileReference; lastKnownFileType = sourcecode.c.objc; path = AppDelegate.m; sourceTree = "<group>"; };
		040954F423138DCE005BA868 /* Base */ = {isa = PBXFileReference; lastKnownFileType = file.storyboard; name = Base; path = Base.lproj/Main.storyboard; sourceTree = "<group>"; };
		040954F623138DD0005BA868 /* Assets.xcassets */ = {isa = PBXFileReference; lastKnownFileType = folder.assetcatalog; path = Assets.xcassets; sourceTree = "<group>"; };
		040954F923138DD0005BA868 /* Base */ = {isa = PBXFileReference; lastKnownFileType = file.storyboard; name = Base; path = Base.lproj/LaunchScreen.storyboard; sourceTree = "<group>"; };
		040954FB23138DD0005BA868 /* Info.plist */ = {isa = PBXFileReference; lastKnownFileType = text.plist.xml; path = Info.plist; sourceTree = "<group>"; };
		040954FC23138DD0005BA868 /* main.m */ = {isa = PBXFileReference; lastKnownFileType = sourcecode.c.objc; path = main.m; sourceTree = "<group>"; };
		0409550223138DD0005BA868 /* FF_LiveSendGiftTests.xctest */ = {isa = PBXFileReference; explicitFileType = wrapper.cfbundle; includeInIndex = 0; path = FF_LiveSendGiftTests.xctest; sourceTree = BUILT_PRODUCTS_DIR; };
		0409550D23138DD0005BA868 /* FF_LiveSendGiftUITests.xctest */ = {isa = PBXFileReference; explicitFileType = wrapper.cfbundle; includeInIndex = 0; path = FF_LiveSendGiftUITests.xctest; sourceTree = BUILT_PRODUCTS_DIR; };
		0409552023138E1C005BA868 /* LiveGiftShowCustom.m */ = {isa = PBXFileReference; fileEncoding = 4; lastKnownFileType = sourcecode.c.objc; path = LiveGiftShowCustom.m; sourceTree = "<group>"; };
		0409552123138E1C005BA868 /* LiveGiftShowNumberView.m */ = {isa = PBXFileReference; fileEncoding = 4; lastKnownFileType = sourcecode.c.objc; path = LiveGiftShowNumberView.m; sourceTree = "<group>"; };
		0409552223138E1C005BA868 /* LiveGiftListModel.h */ = {isa = PBXFileReference; fileEncoding = 4; lastKnownFileType = sourcecode.c.h; path = LiveGiftListModel.h; sourceTree = "<group>"; };
		0409552323138E1C005BA868 /* LiveUserModel.m */ = {isa = PBXFileReference; fileEncoding = 4; lastKnownFileType = sourcecode.c.objc; path = LiveUserModel.m; sourceTree = "<group>"; };
		0409552423138E1C005BA868 /* LiveGiftShowView.m */ = {isa = PBXFileReference; fileEncoding = 4; lastKnownFileType = sourcecode.c.objc; path = LiveGiftShowView.m; sourceTree = "<group>"; };
		0409552523138E1C005BA868 /* LiveGiftShowModel.m */ = {isa = PBXFileReference; fileEncoding = 4; lastKnownFileType = sourcecode.c.objc; path = LiveGiftShowModel.m; sourceTree = "<group>"; };
		0409552623138E1C005BA868 /* LiveGiftShowNumberView.h */ = {isa = PBXFileReference; fileEncoding = 4; lastKnownFileType = sourcecode.c.h; path = LiveGiftShowNumberView.h; sourceTree = "<group>"; };
		0409552723138E1C005BA868 /* LiveGiftShowCustom.h */ = {isa = PBXFileReference; fileEncoding = 4; lastKnownFileType = sourcecode.c.h; path = LiveGiftShowCustom.h; sourceTree = "<group>"; };
		0409552823138E1C005BA868 /* LiveUserModel.h */ = {isa = PBXFileReference; fileEncoding = 4; lastKnownFileType = sourcecode.c.h; path = LiveUserModel.h; sourceTree = "<group>"; };
		0409552923138E1C005BA868 /* LiveGiftListModel.m */ = {isa = PBXFileReference; fileEncoding = 4; lastKnownFileType = sourcecode.c.objc; path = LiveGiftListModel.m; sourceTree = "<group>"; };
		0409552A23138E1C005BA868 /* LiveGiftShowModel.h */ = {isa = PBXFileReference; fileEncoding = 4; lastKnownFileType = sourcecode.c.h; path = LiveGiftShowModel.h; sourceTree = "<group>"; };
		0409552B23138E1C005BA868 /* LiveDefaultIcon.jpeg */ = {isa = PBXFileReference; lastKnownFileType = image.jpeg; path = LiveDefaultIcon.jpeg; sourceTree = "<group>"; };
		0409552C23138E1C005BA868 /* LiveGiftShowView.h */ = {isa = PBXFileReference; fileEncoding = 4; lastKnownFileType = sourcecode.c.h; path = LiveGiftShowView.h; sourceTree = "<group>"; };
		0409553523138E25005BA868 /* TestVC.h */ = {isa = PBXFileReference; fileEncoding = 4; lastKnownFileType = sourcecode.c.h; path = TestVC.h; sourceTree = "<group>"; };
		0409553623138E25005BA868 /* HomeVC.m */ = {isa = PBXFileReference; fileEncoding = 4; lastKnownFileType = sourcecode.c.objc; path = HomeVC.m; sourceTree = "<group>"; };
		0409553723138E25005BA868 /* TestVC.m */ = {isa = PBXFileReference; fileEncoding = 4; lastKnownFileType = sourcecode.c.objc; path = TestVC.m; sourceTree = "<group>"; };
		0409553823138E25005BA868 /* HomeVC.h */ = {isa = PBXFileReference; fileEncoding = 4; lastKnownFileType = sourcecode.c.h; path = HomeVC.h; sourceTree = "<group>"; };
		3767018D34E676AD2848900D /* Pods-FF_LiveSendGiftUITests.debug.xcconfig */ = {isa = PBXFileReference; includeInIndex = 1; lastKnownFileType = text.xcconfig; name = "Pods-FF_LiveSendGiftUITests.debug.xcconfig"; path = "Pods/Target Support Files/Pods-FF_LiveSendGiftUITests/Pods-FF_LiveSendGiftUITests.debug.xcconfig"; sourceTree = "<group>"; };
		6C6B99F48C90D8A26715E403 /* libPods-FF_LiveSendGiftTests.a */ = {isa = PBXFileReference; explicitFileType = archive.ar; includeInIndex = 0; path = "libPods-FF_LiveSendGiftTests.a"; sourceTree = BUILT_PRODUCTS_DIR; };
		85B8796EB37C8BC173DA1C5D /* Pods-FF_LiveSendGiftUITests.release.xcconfig */ = {isa = PBXFileReference; includeInIndex = 1; lastKnownFileType = text.xcconfig; name = "Pods-FF_LiveSendGiftUITests.release.xcconfig"; path = "Pods/Target Support Files/Pods-FF_LiveSendGiftUITests/Pods-FF_LiveSendGiftUITests.release.xcconfig"; sourceTree = "<group>"; };
		956A8A57466C0E36F582E58B /* libPods-FF_LiveSendGift.a */ = {isa = PBXFileReference; explicitFileType = archive.ar; includeInIndex = 0; path = "libPods-FF_LiveSendGift.a"; sourceTree = BUILT_PRODUCTS_DIR; };
		9C5445558486565587C9ED22 /* Pods-FF_LiveSendGift.release.xcconfig */ = {isa = PBXFileReference; includeInIndex = 1; lastKnownFileType = text.xcconfig; name = "Pods-FF_LiveSendGift.release.xcconfig"; path = "Pods/Target Support Files/Pods-FF_LiveSendGift/Pods-FF_LiveSendGift.release.xcconfig"; sourceTree = "<group>"; };
		BB0E8E3BD3ECB60C606E54EB /* Pods-FF_LiveSendGiftTests.debug.xcconfig */ = {isa = PBXFileReference; includeInIndex = 1; lastKnownFileType = text.xcconfig; name = "Pods-FF_LiveSendGiftTests.debug.xcconfig"; path = "Pods/Target Support Files/Pods-FF_LiveSendGiftTests/Pods-FF_LiveSendGiftTests.debug.xcconfig"; sourceTree = "<group>"; };
		BE6D1F4CE5F01382FA7F32FE /* Pods-FF_LiveSendGiftTests.release.xcconfig */ = {isa = PBXFileReference; includeInIndex = 1; lastKnownFileType = text.xcconfig; name = "Pods-FF_LiveSendGiftTests.release.xcconfig"; path = "Pods/Target Support Files/Pods-FF_LiveSendGiftTests/Pods-FF_LiveSendGiftTests.release.xcconfig"; sourceTree = "<group>"; };
		BF778C72D6217A7CB0C9CB14 /* Pods-FF_LiveSendGift.debug.xcconfig */ = {isa = PBXFileReference; includeInIndex = 1; lastKnownFileType = text.xcconfig; name = "Pods-FF_LiveSendGift.debug.xcconfig"; path = "Pods/Target Support Files/Pods-FF_LiveSendGift/Pods-FF_LiveSendGift.debug.xcconfig"; sourceTree = "<group>"; };
		FEAE42B2A9EFEDD56CF5C56E /* libPods-FF_LiveSendGiftUITests.a */ = {isa = PBXFileReference; explicitFileType = archive.ar; includeInIndex = 0; path = "libPods-FF_LiveSendGiftUITests.a"; sourceTree = BUILT_PRODUCTS_DIR; };
/* End PBXFileReference section */

/* Begin PBXFrameworksBuildPhase section */
		040954E723138DCE005BA868 /* Frameworks */ = {
			isa = PBXFrameworksBuildPhase;
			buildActionMask = 2147483647;
			files = (
				2C5319B81435B900E341A729 /* libPods-FF_LiveSendGift.a in Frameworks */,
			);
			runOnlyForDeploymentPostprocessing = 0;
		};
		040954FF23138DD0005BA868 /* Frameworks */ = {
			isa = PBXFrameworksBuildPhase;
			buildActionMask = 2147483647;
			files = (
				7DD0E87FD6F09796140C3689 /* libPods-FF_LiveSendGiftTests.a in Frameworks */,
			);
			runOnlyForDeploymentPostprocessing = 0;
		};
		0409550A23138DD0005BA868 /* Frameworks */ = {
			isa = PBXFrameworksBuildPhase;
			buildActionMask = 2147483647;
			files = (
				AD6EAA49CCF7739509116443 /* libPods-FF_LiveSendGiftUITests.a in Frameworks */,
			);
			runOnlyForDeploymentPostprocessing = 0;
		};
/* End PBXFrameworksBuildPhase section */

/* Begin PBXGroup section */
		040954E123138DCE005BA868 = {
			isa = PBXGroup;
			children = (
				040954EC23138DCE005BA868 /* FF_LiveSendGift */,
				040954EB23138DCE005BA868 /* Products */,
				2D446ED14D60B8A4E6404249 /* Pods */,
				12C33DF3BF94FD88D133F76A /* Frameworks */,
			);
			sourceTree = "<group>";
		};
		040954EB23138DCE005BA868 /* Products */ = {
			isa = PBXGroup;
			children = (
				040954EA23138DCE005BA868 /* FF_LiveSendGift.app */,
				0409550223138DD0005BA868 /* FF_LiveSendGiftTests.xctest */,
				0409550D23138DD0005BA868 /* FF_LiveSendGiftUITests.xctest */,
			);
			name = Products;
			sourceTree = "<group>";
		};
		040954EC23138DCE005BA868 /* FF_LiveSendGift */ = {
			isa = PBXGroup;
			children = (
				0409553423138E25005BA868 /* ViewControllers */,
				0409551F23138E1C005BA868 /* LiveGiftShowView */,
				040954ED23138DCE005BA868 /* AppDelegate.h */,
				040954EE23138DCE005BA868 /* AppDelegate.m */,
				040954F323138DCE005BA868 /* Main.storyboard */,
				040954F623138DD0005BA868 /* Assets.xcassets */,
				040954F823138DD0005BA868 /* LaunchScreen.storyboard */,
				040954FB23138DD0005BA868 /* Info.plist */,
				040954FC23138DD0005BA868 /* main.m */,
			);
			path = FF_LiveSendGift;
			sourceTree = "<group>";
		};
		0409551F23138E1C005BA868 /* LiveGiftShowView */ = {
			isa = PBXGroup;
			children = (
				0409552723138E1C005BA868 /* LiveGiftShowCustom.h */,
				0409552023138E1C005BA868 /* LiveGiftShowCustom.m */,
				0409552823138E1C005BA868 /* LiveUserModel.h */,
				0409552323138E1C005BA868 /* LiveUserModel.m */,
				0409552A23138E1C005BA868 /* LiveGiftShowModel.h */,
				0409552C23138E1C005BA868 /* LiveGiftShowView.h */,
				0409552423138E1C005BA868 /* LiveGiftShowView.m */,
				0409552523138E1C005BA868 /* LiveGiftShowModel.m */,
				0409552623138E1C005BA868 /* LiveGiftShowNumberView.h */,
				0409552123138E1C005BA868 /* LiveGiftShowNumberView.m */,
				0409552223138E1C005BA868 /* LiveGiftListModel.h */,
				0409552923138E1C005BA868 /* LiveGiftListModel.m */,
				0409552B23138E1C005BA868 /* LiveDefaultIcon.jpeg */,
			);
			path = LiveGiftShowView;
			sourceTree = "<group>";
		};
		0409553423138E25005BA868 /* ViewControllers */ = {
			isa = PBXGroup;
			children = (
				0409553523138E25005BA868 /* TestVC.h */,
				0409553723138E25005BA868 /* TestVC.m */,
				0409553823138E25005BA868 /* HomeVC.h */,
				0409553623138E25005BA868 /* HomeVC.m */,
			);
			path = ViewControllers;
			sourceTree = "<group>";
		};
		12C33DF3BF94FD88D133F76A /* Frameworks */ = {
			isa = PBXGroup;
			children = (
				956A8A57466C0E36F582E58B /* libPods-FF_LiveSendGift.a */,
				6C6B99F48C90D8A26715E403 /* libPods-FF_LiveSendGiftTests.a */,
				FEAE42B2A9EFEDD56CF5C56E /* libPods-FF_LiveSendGiftUITests.a */,
			);
			name = Frameworks;
			sourceTree = "<group>";
		};
		2D446ED14D60B8A4E6404249 /* Pods */ = {
			isa = PBXGroup;
			children = (
				BF778C72D6217A7CB0C9CB14 /* Pods-FF_LiveSendGift.debug.xcconfig */,
				9C5445558486565587C9ED22 /* Pods-FF_LiveSendGift.release.xcconfig */,
				BB0E8E3BD3ECB60C606E54EB /* Pods-FF_LiveSendGiftTests.debug.xcconfig */,
				BE6D1F4CE5F01382FA7F32FE /* Pods-FF_LiveSendGiftTests.release.xcconfig */,
				3767018D34E676AD2848900D /* Pods-FF_LiveSendGiftUITests.debug.xcconfig */,
				85B8796EB37C8BC173DA1C5D /* Pods-FF_LiveSendGiftUITests.release.xcconfig */,
			);
			name = Pods;
			sourceTree = "<group>";
		};
/* End PBXGroup section */

/* Begin PBXNativeTarget section */
		040954E923138DCE005BA868 /* FF_LiveSendGift */ = {
			isa = PBXNativeTarget;
			buildConfigurationList = 0409551623138DD0005BA868 /* Build configuration list for PBXNativeTarget "FF_LiveSendGift" */;
			buildPhases = (
				6A00060ADDBE35F302D0D68C /* [CP] Check Pods Manifest.lock */,
				040954E623138DCE005BA868 /* Sources */,
				040954E723138DCE005BA868 /* Frameworks */,
				040954E823138DCE005BA868 /* Resources */,
			);
			buildRules = (
			);
			dependencies = (
			);
			name = FF_LiveSendGift;
			productName = FF_LiveSendGift;
			productReference = 040954EA23138DCE005BA868 /* FF_LiveSendGift.app */;
			productType = "com.apple.product-type.application";
		};
		0409550123138DD0005BA868 /* FF_LiveSendGiftTests */ = {
			isa = PBXNativeTarget;
			buildConfigurationList = 0409551923138DD0005BA868 /* Build configuration list for PBXNativeTarget "FF_LiveSendGiftTests" */;
			buildPhases = (
				652A300A885FF0A707F9883E /* [CP] Check Pods Manifest.lock */,
				040954FE23138DD0005BA868 /* Sources */,
				040954FF23138DD0005BA868 /* Frameworks */,
				0409550023138DD0005BA868 /* Resources */,
			);
			buildRules = (
			);
			dependencies = (
				0409550423138DD0005BA868 /* PBXTargetDependency */,
			);
			name = FF_LiveSendGiftTests;
			productName = FF_LiveSendGiftTests;
			productReference = 0409550223138DD0005BA868 /* FF_LiveSendGiftTests.xctest */;
			productType = "com.apple.product-type.bundle.unit-test";
		};
		0409550C23138DD0005BA868 /* FF_LiveSendGiftUITests */ = {
			isa = PBXNativeTarget;
			buildConfigurationList = 0409551C23138DD0005BA868 /* Build configuration list for PBXNativeTarget "FF_LiveSendGiftUITests" */;
			buildPhases = (
				E594AB3A6CFA8893F8B0E88F /* [CP] Check Pods Manifest.lock */,
				0409550923138DD0005BA868 /* Sources */,
				0409550A23138DD0005BA868 /* Frameworks */,
				0409550B23138DD0005BA868 /* Resources */,
			);
			buildRules = (
			);
			dependencies = (
				0409550F23138DD0005BA868 /* PBXTargetDependency */,
			);
			name = FF_LiveSendGiftUITests;
			productName = FF_LiveSendGiftUITests;
			productReference = 0409550D23138DD0005BA868 /* FF_LiveSendGiftUITests.xctest */;
			productType = "com.apple.product-type.bundle.ui-testing";
		};
/* End PBXNativeTarget section */

/* Begin PBXProject section */
		040954E223138DCE005BA868 /* Project object */ = {
			isa = PBXProject;
			attributes = {
				LastUpgradeCheck = 1030;
				ORGANIZATIONNAME = healifeGroup;
				TargetAttributes = {
					040954E923138DCE005BA868 = {
						CreatedOnToolsVersion = 10.3;
					};
					0409550123138DD0005BA868 = {
						CreatedOnToolsVersion = 10.3;
						TestTargetID = 040954E923138DCE005BA868;
					};
					0409550C23138DD0005BA868 = {
						CreatedOnToolsVersion = 10.3;
						TestTargetID = 040954E923138DCE005BA868;
					};
				};
			};
			buildConfigurationList = 040954E523138DCE005BA868 /* Build configuration list for PBXProject "FF_LiveSendGift" */;
			compatibilityVersion = "Xcode 9.3";
			developmentRegion = en;
			hasScannedForEncodings = 0;
			knownRegions = (
				en,
				Base,
			);
			mainGroup = 040954E123138DCE005BA868;
			productRefGroup = 040954EB23138DCE005BA868 /* Products */;
			projectDirPath = "";
			projectRoot = "";
			targets = (
				040954E923138DCE005BA868 /* FF_LiveSendGift */,
				0409550123138DD0005BA868 /* FF_LiveSendGiftTests */,
				0409550C23138DD0005BA868 /* FF_LiveSendGiftUITests */,
			);
		};
/* End PBXProject section */

/* Begin PBXResourcesBuildPhase section */
		040954E823138DCE005BA868 /* Resources */ = {
			isa = PBXResourcesBuildPhase;
			buildActionMask = 2147483647;
			files = (
				040954FA23138DD0005BA868 /* LaunchScreen.storyboard in Resources */,
				040954F723138DD0005BA868 /* Assets.xcassets in Resources */,
				0409553323138E1C005BA868 /* LiveDefaultIcon.jpeg in Resources */,
				040954F523138DCE005BA868 /* Main.storyboard in Resources */,
			);
			runOnlyForDeploymentPostprocessing = 0;
		};
		0409550023138DD0005BA868 /* Resources */ = {
			isa = PBXResourcesBuildPhase;
			buildActionMask = 2147483647;
			files = (
			);
			runOnlyForDeploymentPostprocessing = 0;
		};
		0409550B23138DD0005BA868 /* Resources */ = {
			isa = PBXResourcesBuildPhase;
			buildActionMask = 2147483647;
			files = (
			);
			runOnlyForDeploymentPostprocessing = 0;
		};
/* End PBXResourcesBuildPhase section */

/* Begin PBXShellScriptBuildPhase section */
		652A300A885FF0A707F9883E /* [CP] Check Pods Manifest.lock */ = {
			isa = PBXShellScriptBuildPhase;
			buildActionMask = 2147483647;
			files = (
			);
			inputPaths = (
				"${PODS_PODFILE_DIR_PATH}/Podfile.lock",
				"${PODS_ROOT}/Manifest.lock",
			);
			name = "[CP] Check Pods Manifest.lock";
			outputPaths = (
				"$(DERIVED_FILE_DIR)/Pods-FF_LiveSendGiftTests-checkManifestLockResult.txt",
			);
			runOnlyForDeploymentPostprocessing = 0;
			shellPath = /bin/sh;
			shellScript = "diff \"${PODS_PODFILE_DIR_PATH}/Podfile.lock\" \"${PODS_ROOT}/Manifest.lock\" > /dev/null\nif [ $? != 0 ] ; then\n    # print error to STDERR\n    echo \"error: The sandbox is not in sync with the Podfile.lock. Run 'pod install' or update your CocoaPods installation.\" >&2\n    exit 1\nfi\n# This output is used by Xcode 'outputs' to avoid re-running this script phase.\necho \"SUCCESS\" > \"${SCRIPT_OUTPUT_FILE_0}\"\n";
			showEnvVarsInLog = 0;
		};
		6A00060ADDBE35F302D0D68C /* [CP] Check Pods Manifest.lock */ = {
			isa = PBXShellScriptBuildPhase;
			buildActionMask = 2147483647;
			files = (
			);
			inputPaths = (
				"${PODS_PODFILE_DIR_PATH}/Podfile.lock",
				"${PODS_ROOT}/Manifest.lock",
			);
			name = "[CP] Check Pods Manifest.lock";
			outputPaths = (
				"$(DERIVED_FILE_DIR)/Pods-FF_LiveSendGift-checkManifestLockResult.txt",
			);
			runOnlyForDeploymentPostprocessing = 0;
			shellPath = /bin/sh;
			shellScript = "diff \"${PODS_PODFILE_DIR_PATH}/Podfile.lock\" \"${PODS_ROOT}/Manifest.lock\" > /dev/null\nif [ $? != 0 ] ; then\n    # print error to STDERR\n    echo \"error: The sandbox is not in sync with the Podfile.lock. Run 'pod install' or update your CocoaPods installation.\" >&2\n    exit 1\nfi\n# This output is used by Xcode 'outputs' to avoid re-running this script phase.\necho \"SUCCESS\" > \"${SCRIPT_OUTPUT_FILE_0}\"\n";
			showEnvVarsInLog = 0;
		};
		E594AB3A6CFA8893F8B0E88F /* [CP] Check Pods Manifest.lock */ = {
			isa = PBXShellScriptBuildPhase;
			buildActionMask = 2147483647;
			files = (
			);
			inputPaths = (
				"${PODS_PODFILE_DIR_PATH}/Podfile.lock",
				"${PODS_ROOT}/Manifest.lock",
			);
			name = "[CP] Check Pods Manifest.lock";
			outputPaths = (
				"$(DERIVED_FILE_DIR)/Pods-FF_LiveSendGiftUITests-checkManifestLockResult.txt",
			);
			runOnlyForDeploymentPostprocessing = 0;
			shellPath = /bin/sh;
			shellScript = "diff \"${PODS_PODFILE_DIR_PATH}/Podfile.lock\" \"${PODS_ROOT}/Manifest.lock\" > /dev/null\nif [ $? != 0 ] ; then\n    # print error to STDERR\n    echo \"error: The sandbox is not in sync with the Podfile.lock. Run 'pod install' or update your CocoaPods installation.\" >&2\n    exit 1\nfi\n# This output is used by Xcode 'outputs' to avoid re-running this script phase.\necho \"SUCCESS\" > \"${SCRIPT_OUTPUT_FILE_0}\"\n";
			showEnvVarsInLog = 0;
		};
/* End PBXShellScriptBuildPhase section */

/* Begin PBXSourcesBuildPhase section */
		040954E623138DCE005BA868 /* Sources */ = {
			isa = PBXSourcesBuildPhase;
			buildActionMask = 2147483647;
			files = (
				0409552E23138E1C005BA868 /* LiveGiftShowNumberView.m in Sources */,
				0409553123138E1C005BA868 /* LiveGiftShowModel.m in Sources */,
				0409553A23138E25005BA868 /* TestVC.m in Sources */,
				0409553923138E25005BA868 /* HomeVC.m in Sources */,
				0409553223138E1C005BA868 /* LiveGiftListModel.m in Sources */,
				0409552F23138E1C005BA868 /* LiveUserModel.m in Sources */,
				0409552D23138E1C005BA868 /* LiveGiftShowCustom.m in Sources */,
				0409553023138E1C005BA868 /* LiveGiftShowView.m in Sources */,
				040954FD23138DD0005BA868 /* main.m in Sources */,
				040954EF23138DCE005BA868 /* AppDelegate.m in Sources */,
			);
			runOnlyForDeploymentPostprocessing = 0;
		};
		040954FE23138DD0005BA868 /* Sources */ = {
			isa = PBXSourcesBuildPhase;
			buildActionMask = 2147483647;
			files = (
			);
			runOnlyForDeploymentPostprocessing = 0;
		};
		0409550923138DD0005BA868 /* Sources */ = {
			isa = PBXSourcesBuildPhase;
			buildActionMask = 2147483647;
			files = (
			);
			runOnlyForDeploymentPostprocessing = 0;
		};
/* End PBXSourcesBuildPhase section */

/* Begin PBXTargetDependency section */
		0409550423138DD0005BA868 /* PBXTargetDependency */ = {
			isa = PBXTargetDependency;
			target = 040954E923138DCE005BA868 /* FF_LiveSendGift */;
			targetProxy = 0409550323138DD0005BA868 /* PBXContainerItemProxy */;
		};
		0409550F23138DD0005BA868 /* PBXTargetDependency */ = {
			isa = PBXTargetDependency;
			target = 040954E923138DCE005BA868 /* FF_LiveSendGift */;
			targetProxy = 0409550E23138DD0005BA868 /* PBXContainerItemProxy */;
		};
/* End PBXTargetDependency section */

/* Begin PBXVariantGroup section */
		040954F323138DCE005BA868 /* Main.storyboard */ = {
			isa = PBXVariantGroup;
			children = (
				040954F423138DCE005BA868 /* Base */,
			);
			name = Main.storyboard;
			sourceTree = "<group>";
		};
		040954F823138DD0005BA868 /* LaunchScreen.storyboard */ = {
			isa = PBXVariantGroup;
			children = (
				040954F923138DD0005BA868 /* Base */,
			);
			name = LaunchScreen.storyboard;
			sourceTree = "<group>";
		};
/* End PBXVariantGroup section */

/* Begin XCBuildConfiguration section */
		0409551423138DD0005BA868 /* Debug */ = {
			isa = XCBuildConfiguration;
			buildSettings = {
				ALWAYS_SEARCH_USER_PATHS = NO;
				CLANG_ANALYZER_NONNULL = YES;
				CLANG_ANALYZER_NUMBER_OBJECT_CONVERSION = YES_AGGRESSIVE;
				CLANG_CXX_LANGUAGE_STANDARD = "gnu++14";
				CLANG_CXX_LIBRARY = "libc++";
				CLANG_ENABLE_MODULES = YES;
				CLANG_ENABLE_OBJC_ARC = YES;
				CLANG_ENABLE_OBJC_WEAK = YES;
				CLANG_WARN_BLOCK_CAPTURE_AUTORELEASING = YES;
				CLANG_WARN_BOOL_CONVERSION = YES;
				CLANG_WARN_COMMA = YES;
				CLANG_WARN_CONSTANT_CONVERSION = YES;
				CLANG_WARN_DEPRECATED_OBJC_IMPLEMENTATIONS = YES;
				CLANG_WARN_DIRECT_OBJC_ISA_USAGE = YES_ERROR;
				CLANG_WARN_DOCUMENTATION_COMMENTS = YES;
				CLANG_WARN_EMPTY_BODY = YES;
				CLANG_WARN_ENUM_CONVERSION = YES;
				CLANG_WARN_INFINITE_RECURSION = YES;
				CLANG_WARN_INT_CONVERSION = YES;
				CLANG_WARN_NON_LITERAL_NULL_CONVERSION = YES;
				CLANG_WARN_OBJC_IMPLICIT_RETAIN_SELF = YES;
				CLANG_WARN_OBJC_LITERAL_CONVERSION = YES;
				CLANG_WARN_OBJC_ROOT_CLASS = YES_ERROR;
				CLANG_WARN_RANGE_LOOP_ANALYSIS = YES;
				CLANG_WARN_STRICT_PROTOTYPES = YES;
				CLANG_WARN_SUSPICIOUS_MOVE = YES;
				CLANG_WARN_UNGUARDED_AVAILABILITY = YES_AGGRESSIVE;
				CLANG_WARN_UNREACHABLE_CODE = YES;
				CLANG_WARN__DUPLICATE_METHOD_MATCH = YES;
				CODE_SIGN_IDENTITY = "iPhone Developer";
				COPY_PHASE_STRIP = NO;
				DEBUG_INFORMATION_FORMAT = dwarf;
				ENABLE_STRICT_OBJC_MSGSEND = YES;
				ENABLE_TESTABILITY = YES;
				GCC_C_LANGUAGE_STANDARD = gnu11;
				GCC_DYNAMIC_NO_PIC = NO;
				GCC_NO_COMMON_BLOCKS = YES;
				GCC_OPTIMIZATION_LEVEL = 0;
				GCC_PREPROCESSOR_DEFINITIONS = (
					"DEBUG=1",
					"$(inherited)",
				);
				GCC_WARN_64_TO_32_BIT_CONVERSION = YES;
				GCC_WARN_ABOUT_RETURN_TYPE = YES_ERROR;
				GCC_WARN_UNDECLARED_SELECTOR = YES;
				GCC_WARN_UNINITIALIZED_AUTOS = YES_AGGRESSIVE;
				GCC_WARN_UNUSED_FUNCTION = YES;
				GCC_WARN_UNUSED_VARIABLE = YES;
				IPHONEOS_DEPLOYMENT_TARGET = 12.4;
				MTL_ENABLE_DEBUG_INFO = INCLUDE_SOURCE;
				MTL_FAST_MATH = YES;
				ONLY_ACTIVE_ARCH = YES;
				SDKROOT = iphoneos;
			};
			name = Debug;
		};
		0409551523138DD0005BA868 /* Release */ = {
			isa = XCBuildConfiguration;
			buildSettings = {
				ALWAYS_SEARCH_USER_PATHS = NO;
				CLANG_ANALYZER_NONNULL = YES;
				CLANG_ANALYZER_NUMBER_OBJECT_CONVERSION = YES_AGGRESSIVE;
				CLANG_CXX_LANGUAGE_STANDARD = "gnu++14";
				CLANG_CXX_LIBRARY = "libc++";
				CLANG_ENABLE_MODULES = YES;
				CLANG_ENABLE_OBJC_ARC = YES;
				CLANG_ENABLE_OBJC_WEAK = YES;
				CLANG_WARN_BLOCK_CAPTURE_AUTORELEASING = YES;
				CLANG_WARN_BOOL_CONVERSION = YES;
				CLANG_WARN_COMMA = YES;
				CLANG_WARN_CONSTANT_CONVERSION = YES;
				CLANG_WARN_DEPRECATED_OBJC_IMPLEMENTATIONS = YES;
				CLANG_WARN_DIRECT_OBJC_ISA_USAGE = YES_ERROR;
				CLANG_WARN_DOCUMENTATION_COMMENTS = YES;
				CLANG_WARN_EMPTY_BODY = YES;
				CLANG_WARN_ENUM_CONVERSION = YES;
				CLANG_WARN_INFINITE_RECURSION = YES;
				CLANG_WARN_INT_CONVERSION = YES;
				CLANG_WARN_NON_LITERAL_NULL_CONVERSION = YES;
				CLANG_WARN_OBJC_IMPLICIT_RETAIN_SELF = YES;
				CLANG_WARN_OBJC_LITERAL_CONVERSION = YES;
				CLANG_WARN_OBJC_ROOT_CLASS = YES_ERROR;
				CLANG_WARN_RANGE_LOOP_ANALYSIS = YES;
				CLANG_WARN_STRICT_PROTOTYPES = YES;
				CLANG_WARN_SUSPICIOUS_MOVE = YES;
				CLANG_WARN_UNGUARDED_AVAILABILITY = YES_AGGRESSIVE;
				CLANG_WARN_UNREACHABLE_CODE = YES;
				CLANG_WARN__DUPLICATE_METHOD_MATCH = YES;
				CODE_SIGN_IDENTITY = "iPhone Developer";
				COPY_PHASE_STRIP = NO;
				DEBUG_INFORMATION_FORMAT = "dwarf-with-dsym";
				ENABLE_NS_ASSERTIONS = NO;
				ENABLE_STRICT_OBJC_MSGSEND = YES;
				GCC_C_LANGUAGE_STANDARD = gnu11;
				GCC_NO_COMMON_BLOCKS = YES;
				GCC_WARN_64_TO_32_BIT_CONVERSION = YES;
				GCC_WARN_ABOUT_RETURN_TYPE = YES_ERROR;
				GCC_WARN_UNDECLARED_SELECTOR = YES;
				GCC_WARN_UNINITIALIZED_AUTOS = YES_AGGRESSIVE;
				GCC_WARN_UNUSED_FUNCTION = YES;
				GCC_WARN_UNUSED_VARIABLE = YES;
				IPHONEOS_DEPLOYMENT_TARGET = 12.4;
				MTL_ENABLE_DEBUG_INFO = NO;
				MTL_FAST_MATH = YES;
				SDKROOT = iphoneos;
				VALIDATE_PRODUCT = YES;
			};
			name = Release;
		};
		0409551723138DD0005BA868 /* Debug */ = {
			isa = XCBuildConfiguration;
			baseConfigurationReference = BF778C72D6217A7CB0C9CB14 /* Pods-FF_LiveSendGift.debug.xcconfig */;
			buildSettings = {
				ASSETCATALOG_COMPILER_APPICON_NAME = AppIcon;
				CODE_SIGN_STYLE = Automatic;
				INFOPLIST_FILE = FF_LiveSendGift/Info.plist;
				LD_RUNPATH_SEARCH_PATHS = (
					"$(inherited)",
					"@executable_path/Frameworks",
				);
				PRODUCT_BUNDLE_IDENTIFIER = "healifeGroup.FF-LiveSendGift";
				PRODUCT_NAME = "$(TARGET_NAME)";
				TARGETED_DEVICE_FAMILY = "1,2";
			};
			name = Debug;
		};
		0409551823138DD0005BA868 /* Release */ = {
			isa = XCBuildConfiguration;
			baseConfigurationReference = 9C5445558486565587C9ED22 /* Pods-FF_LiveSendGift.release.xcconfig */;
			buildSettings = {
				ASSETCATALOG_COMPILER_APPICON_NAME = AppIcon;
				CODE_SIGN_STYLE = Automatic;
				INFOPLIST_FILE = FF_LiveSendGift/Info.plist;
				LD_RUNPATH_SEARCH_PATHS = (
					"$(inherited)",
					"@executable_path/Frameworks",
				);
				PRODUCT_BUNDLE_IDENTIFIER = "healifeGroup.FF-LiveSendGift";
				PRODUCT_NAME = "$(TARGET_NAME)";
				TARGETED_DEVICE_FAMILY = "1,2";
			};
			name = Release;
		};
		0409551A23138DD0005BA868 /* Debug */ = {
			isa = XCBuildConfiguration;
			baseConfigurationReference = BB0E8E3BD3ECB60C606E54EB /* Pods-FF_LiveSendGiftTests.debug.xcconfig */;
			buildSettings = {
				BUNDLE_LOADER = "$(TEST_HOST)";
				CODE_SIGN_STYLE = Automatic;
				INFOPLIST_FILE = FF_LiveSendGiftTests/Info.plist;
				LD_RUNPATH_SEARCH_PATHS = (
					"$(inherited)",
					"@executable_path/Frameworks",
					"@loader_path/Frameworks",
				);
				PRODUCT_BUNDLE_IDENTIFIER = "healifeGroup.FF-LiveSendGiftTests";
				PRODUCT_NAME = "$(TARGET_NAME)";
				TARGETED_DEVICE_FAMILY = "1,2";
				TEST_HOST = "$(BUILT_PRODUCTS_DIR)/FF_LiveSendGift.app/FF_LiveSendGift";
			};
			name = Debug;
		};
		0409551B23138DD0005BA868 /* Release */ = {
			isa = XCBuildConfiguration;
			baseConfigurationReference = BE6D1F4CE5F01382FA7F32FE /* Pods-FF_LiveSendGiftTests.release.xcconfig */;
			buildSettings = {
				BUNDLE_LOADER = "$(TEST_HOST)";
				CODE_SIGN_STYLE = Automatic;
				INFOPLIST_FILE = FF_LiveSendGiftTests/Info.plist;
				LD_RUNPATH_SEARCH_PATHS = (
					"$(inherited)",
					"@executable_path/Frameworks",
					"@loader_path/Frameworks",
				);
				PRODUCT_BUNDLE_IDENTIFIER = "healifeGroup.FF-LiveSendGiftTests";
				PRODUCT_NAME = "$(TARGET_NAME)";
				TARGETED_DEVICE_FAMILY = "1,2";
				TEST_HOST = "$(BUILT_PRODUCTS_DIR)/FF_LiveSendGift.app/FF_LiveSendGift";
			};
			name = Release;
		};
		0409551D23138DD0005BA868 /* Debug */ = {
			isa = XCBuildConfiguration;
			baseConfigurationReference = 3767018D34E676AD2848900D /* Pods-FF_LiveSendGiftUITests.debug.xcconfig */;
			buildSettings = {
				CODE_SIGN_STYLE = Automatic;
				INFOPLIST_FILE = FF_LiveSendGiftUITests/Info.plist;
				LD_RUNPATH_SEARCH_PATHS = (
					"$(inherited)",
					"@executable_path/Frameworks",
					"@loader_path/Frameworks",
				);
				PRODUCT_BUNDLE_IDENTIFIER = "healifeGroup.FF-LiveSendGiftUITests";
				PRODUCT_NAME = "$(TARGET_NAME)";
				TARGETED_DEVICE_FAMILY = "1,2";
				TEST_TARGET_NAME = FF_LiveSendGift;
			};
			name = Debug;
		};
		0409551E23138DD0005BA868 /* Release */ = {
			isa = XCBuildConfiguration;
			baseConfigurationReference = 85B8796EB37C8BC173DA1C5D /* Pods-FF_LiveSendGiftUITests.release.xcconfig */;
			buildSettings = {
				CODE_SIGN_STYLE = Automatic;
				INFOPLIST_FILE = FF_LiveSendGiftUITests/Info.plist;
				LD_RUNPATH_SEARCH_PATHS = (
					"$(inherited)",
					"@executable_path/Frameworks",
					"@loader_path/Frameworks",
				);
				PRODUCT_BUNDLE_IDENTIFIER = "healifeGroup.FF-LiveSendGiftUITests";
				PRODUCT_NAME = "$(TARGET_NAME)";
				TARGETED_DEVICE_FAMILY = "1,2";
				TEST_TARGET_NAME = FF_LiveSendGift;
			};
			name = Release;
		};
/* End XCBuildConfiguration section */

/* Begin XCConfigurationList section */
		040954E523138DCE005BA868 /* Build configuration list for PBXProject "FF_LiveSendGift" */ = {
			isa = XCConfigurationList;
			buildConfigurations = (
				0409551423138DD0005BA868 /* Debug */,
				0409551523138DD0005BA868 /* Release */,
			);
			defaultConfigurationIsVisible = 0;
			defaultConfigurationName = Release;
		};
		0409551623138DD0005BA868 /* Build configuration list for PBXNativeTarget "FF_LiveSendGift" */ = {
			isa = XCConfigurationList;
			buildConfigurations = (
				0409551723138DD0005BA868 /* Debug */,
				0409551823138DD0005BA868 /* Release */,
			);
			defaultConfigurationIsVisible = 0;
			defaultConfigurationName = Release;
		};
		0409551923138DD0005BA868 /* Build configuration list for PBXNativeTarget "FF_LiveSendGiftTests" */ = {
			isa = XCConfigurationList;
			buildConfigurations = (
				0409551A23138DD0005BA868 /* Debug */,
				0409551B23138DD0005BA868 /* Release */,
			);
			defaultConfigurationIsVisible = 0;
			defaultConfigurationName = Release;
		};
		0409551C23138DD0005BA868 /* Build configuration list for PBXNativeTarget "FF_LiveSendGiftUITests" */ = {
			isa = XCConfigurationList;
			buildConfigurations = (
				0409551D23138DD0005BA868 /* Debug */,
				0409551E23138DD0005BA868 /* Release */,
			);
			defaultConfigurationIsVisible = 0;
			defaultConfigurationName = Release;
		};
/* End XCConfigurationList section */
	};
	rootObject = 040954E223138DCE005BA868 /* Project object */;
}
